# THIS IS AN AUTOGENERATED FILE. DO NOT EDIT THIS FILE DIRECTLY.
# yarn lockfile v1


"@snowpack/plugin-sass@1.3.0":
  version "1.3.0"
  resolved "https://hebdigital.jfrog.io/hebdigital/api/npm/npm/@snowpack/plugin-sass/-/plugin-sass-1.3.0.tgz#dab35a694f55ac54f6963b0a2516862d3df02a9e"
  integrity sha1-2rNaaU9VrFT2ljsKJRaGLT3wKp4=
  dependencies:
    execa "^5.0.0"
    npm-run-path "^4.0.1"
    sass "^1.3.0"

anymatch@~3.1.1:
  version "3.1.1"
  resolved "https://hebdigital.jfrog.io/hebdigital/api/npm/npm/anymatch/-/anymatch-3.1.1.tgz#c55ecf02185e2469259399310c173ce31233b142"
  integrity sha1-xV7PAhheJGklk5kxDBc84xIzsUI=
  dependencies:
    normalize-path "^3.0.0"
    picomatch "^2.0.4"

binary-extensions@^2.0.0:
  version "2.2.0"
  resolved "https://hebdigital.jfrog.io/hebdigital/api/npm/npm/binary-extensions/-/binary-extensions-2.2.0.tgz#75f502eeaf9ffde42fc98829645be4ea76bd9e2d"
  integrity sha1-dfUC7q+f/eQvyYgpZFvk6na9ni0=

braces@~3.0.2:
  version "3.0.2"
  resolved "https://hebdigital.jfrog.io/hebdigital/api/npm/npm/braces/-/braces-3.0.2.tgz#3454e1a462ee8d599e236df336cd9ea4f8afe107"
  integrity sha1-NFThpGLujVmeI23zNs2epPiv4Qc=
  dependencies:
    fill-range "^7.0.1"

"chokidar@>=2.0.0 <4.0.0":
  version "3.5.1"
  resolved "https://hebdigital.jfrog.io/hebdigital/api/npm/npm/chokidar/-/chokidar-3.5.1.tgz#ee9ce7bbebd2b79f49f304799d5468e31e14e68a"
  integrity sha1-7pznu+vSt59J8wR5nVRo4x4U5oo=
  dependencies:
    anymatch "~3.1.1"
    braces "~3.0.2"
    glob-parent "~5.1.0"
    is-binary-path "~2.1.0"
    is-glob "~4.0.1"
    normalize-path "~3.0.0"
    readdirp "~3.5.0"
  optionalDependencies:
    fsevents "~2.3.1"

cross-spawn@^7.0.3:
  version "7.0.3"
  resolved "https://hebdigital.jfrog.io/hebdigital/api/npm/npm/cross-spawn/-/cross-spawn-7.0.3.tgz#f73a85b9d5d41d045551c177e2882d4ac85728a6"
  integrity sha1-9zqFudXUHQRVUcF34ogtSshXKKY=
  dependencies:
    path-key "^3.1.0"
    shebang-command "^2.0.0"
    which "^2.0.1"

esbuild@^0.8.7:
  version "0.8.39"
  resolved "https://hebdigital.jfrog.io/hebdigital/api/npm/npm/esbuild/-/esbuild-0.8.39.tgz#18b84a3d56173c55ee8f45bc6c7b5374b0a98ecb"
  integrity sha1-GLhKPVYXPFXuj0W8bHtTdLCpjss=

execa@^5.0.0:
  version "5.0.0"
  resolved "https://hebdigital.jfrog.io/hebdigital/api/npm/npm/execa/-/execa-5.0.0.tgz#4029b0007998a841fbd1032e5f4de86a3c1e3376"
  integrity sha1-QCmwAHmYqEH70QMuX03oajweM3Y=
  dependencies:
    cross-spawn "^7.0.3"
    get-stream "^6.0.0"
    human-signals "^2.1.0"
    is-stream "^2.0.0"
    merge-stream "^2.0.0"
    npm-run-path "^4.0.1"
    onetime "^5.1.2"
    signal-exit "^3.0.3"
    strip-final-newline "^2.0.0"

fill-range@^7.0.1:
  version "7.0.1"
  resolved "https://hebdigital.jfrog.io/hebdigital/api/npm/npm/fill-range/-/fill-range-7.0.1.tgz#1919a6a7c75fe38b2c7c77e5198535da9acdda40"
  integrity sha1-GRmmp8df44ssfHflGYU12prN2kA=
  dependencies:
    to-regex-range "^5.0.1"

fsevents@^2.2.0, fsevents@~2.3.1:
  version "2.3.1"
  resolved "https://hebdigital.jfrog.io/hebdigital/api/npm/npm/fsevents/-/fsevents-2.3.1.tgz#b209ab14c61012636c8863507edf7fb68cc54e9f"
  integrity sha1-sgmrFMYQEmNsiGNQft9/tozFTp8=

get-stream@^6.0.0:
  version "6.0.0"
  resolved "https://hebdigital.jfrog.io/hebdigital/api/npm/npm/get-stream/-/get-stream-6.0.0.tgz#3e0012cb6827319da2706e601a1583e8629a6718"
  integrity sha1-PgASy2gnMZ2icG5gGhWD6GKaZxg=

glob-parent@~5.1.0:
  version "5.1.1"
  resolved "https://hebdigital.jfrog.io/hebdigital/api/npm/npm/glob-parent/-/glob-parent-5.1.1.tgz#b6c1ef417c4e5663ea498f1c45afac6916bbc229"
  integrity sha1-tsHvQXxOVmPqSY8cRa+saRa7wik=
  dependencies:
    is-glob "^4.0.1"

human-signals@^2.1.0:
  version "2.1.0"
  resolved "https://hebdigital.jfrog.io/hebdigital/api/npm/npm/human-signals/-/human-signals-2.1.0.tgz#dc91fcba42e4d06e4abaed33b3e7a3c02f514ea0"
  integrity sha1-3JH8ukLk0G5Kuu0zs+ejwC9RTqA=

is-binary-path@~2.1.0:
  version "2.1.0"
  resolved "https://hebdigital.jfrog.io/hebdigital/api/npm/npm/is-binary-path/-/is-binary-path-2.1.0.tgz#ea1f7f3b80f064236e83470f86c09c254fb45b09"
  integrity sha1-6h9/O4DwZCNug0cPhsCcJU+0Wwk=
  dependencies:
    binary-extensions "^2.0.0"

is-docker@^2.0.0:
  version "2.1.1"
  resolved "https://hebdigital.jfrog.io/hebdigital/api/npm/npm/is-docker/-/is-docker-2.1.1.tgz#4125a88e44e450d384e09047ede71adc2d144156"
  integrity sha1-QSWojkTkUNOE4JBH7eca3C0UQVY=

is-extglob@^2.1.1:
  version "2.1.1"
  resolved "https://hebdigital.jfrog.io/hebdigital/api/npm/npm/is-extglob/-/is-extglob-2.1.1.tgz#a88c02535791f02ed37c76a1b9ea9773c833f8c2"
  integrity sha1-qIwCU1eR8C7TfHahueqXc8gz+MI=

is-glob@^4.0.1, is-glob@~4.0.1:
  version "4.0.1"
  resolved "https://hebdigital.jfrog.io/hebdigital/api/npm/npm/is-glob/-/is-glob-4.0.1.tgz#7567dbe9f2f5e2467bc77ab83c4a29482407a5dc"
  integrity sha1-dWfb6fL14kZ7x3q4PEopSCQHpdw=
  dependencies:
    is-extglob "^2.1.1"

is-number@^7.0.0:
  version "7.0.0"
  resolved "https://hebdigital.jfrog.io/hebdigital/api/npm/npm/is-number/-/is-number-7.0.0.tgz#7535345b896734d5f80c4d06c50955527a14f12b"
  integrity sha1-dTU0W4lnNNX4DE0GxQlVUnoU8Ss=

is-stream@^2.0.0:
  version "2.0.0"
  resolved "https://hebdigital.jfrog.io/hebdigital/api/npm/npm/is-stream/-/is-stream-2.0.0.tgz#bde9c32680d6fae04129d6ac9d921ce7815f78e3"
  integrity sha1-venDJoDW+uBBKdasnZIc54FfeOM=

is-wsl@^2.1.1:
  version "2.2.0"
  resolved "https://hebdigital.jfrog.io/hebdigital/api/npm/npm/is-wsl/-/is-wsl-2.2.0.tgz#74a4c76e77ca9fd3f932f290c17ea326cd157271"
  integrity sha1-dKTHbnfKn9P5MvKQwX6jJs0VcnE=
  dependencies:
    is-docker "^2.0.0"

isexe@^2.0.0:
  version "2.0.0"
  resolved "https://hebdigital.jfrog.io/hebdigital/api/npm/npm/isexe/-/isexe-2.0.0.tgz#e8fbf374dc556ff8947a10dcb0572d633f2cfa10"
  integrity sha1-6PvzdNxVb/iUehDcsFctYz8s+hA=

merge-stream@^2.0.0:
  version "2.0.0"
  resolved "https://hebdigital.jfrog.io/hebdigital/api/npm/npm/merge-stream/-/merge-stream-2.0.0.tgz#52823629a14dd00c9770fb6ad47dc6310f2c1f60"
  integrity sha1-UoI2KaFN0AyXcPtq1H3GMQ8sH2A=

mimic-fn@^2.1.0:
  version "2.1.0"
  resolved "https://hebdigital.jfrog.io/hebdigital/api/npm/npm/mimic-fn/-/mimic-fn-2.1.0.tgz#7ed2c2ccccaf84d3ffcb7a69b57711fc2083401b"
  integrity sha1-ftLCzMyvhNP/y3pptXcR/CCDQBs=

normalize-path@^3.0.0, normalize-path@~3.0.0:
  version "3.0.0"
  resolved "https://hebdigital.jfrog.io/hebdigital/api/npm/npm/normalize-path/-/normalize-path-3.0.0.tgz#0dcd69ff23a1c9b11fd0978316644a0388216a65"
  integrity sha1-Dc1p/yOhybEf0JeDFmRKA4ghamU=

npm-run-path@^4.0.1:
  version "4.0.1"
  resolved "https://hebdigital.jfrog.io/hebdigital/api/npm/npm/npm-run-path/-/npm-run-path-4.0.1.tgz#b7ecd1e5ed53da8e37a55e1c2269e0b97ed748ea"
  integrity sha1-t+zR5e1T2o43pV4cImnguX7XSOo=
  dependencies:
    path-key "^3.0.0"

onetime@^5.1.2:
  version "5.1.2"
  resolved "https://hebdigital.jfrog.io/hebdigital/api/npm/npm/onetime/-/onetime-5.1.2.tgz#d0e96ebb56b07476df1dd9c4806e5237985ca45e"
  integrity sha1-0Oluu1awdHbfHdnEgG5SN5hcpF4=
  dependencies:
    mimic-fn "^2.1.0"

open@^7.0.4:
  version "7.4.0"
  resolved "https://hebdigital.jfrog.io/hebdigital/api/npm/npm/open/-/open-7.4.0.tgz#ad95b98f871d9acb0ec8fecc557082cc9986626b"
  integrity sha1-rZW5j4cdmssOyP7MVXCCzJmGYms=
  dependencies:
    is-docker "^2.0.0"
    is-wsl "^2.1.1"

path-key@^3.0.0, path-key@^3.1.0:
  version "3.1.1"
  resolved "https://hebdigital.jfrog.io/hebdigital/api/npm/npm/path-key/-/path-key-3.1.1.tgz#581f6ade658cbba65a0d3380de7753295054f375"
  integrity sha1-WB9q3mWMu6ZaDTOA3ndTKVBU83U=

picomatch@^2.0.4, picomatch@^2.2.1:
  version "2.2.2"
  resolved "https://hebdigital.jfrog.io/hebdigital/api/npm/npm/picomatch/-/picomatch-2.2.2.tgz#21f333e9b6b8eaff02468f5146ea406d345f4dad"
  integrity sha1-IfMz6ba46v8CRo9RRupAbTRfTa0=

readdirp@~3.5.0:
  version "3.5.0"
  resolved "https://hebdigital.jfrog.io/hebdigital/api/npm/npm/readdirp/-/readdirp-3.5.0.tgz#9ba74c019b15d365278d2e91bb8c48d7b4d42c9e"
  integrity sha1-m6dMAZsV02UnjS6Ru4xI17TULJ4=
  dependencies:
    picomatch "^2.2.1"

rollup@^2.34.0:
  version "2.38.3"
  resolved "https://hebdigital.jfrog.io/hebdigital/api/npm/npm/rollup/-/rollup-2.38.3.tgz#2a0b6cc6eab1da4431aab875a31a401fa2988c10"
  integrity sha1-Kgtsxuqx2kQxqrh1oxpAH6KYjBA=
  optionalDependencies:
    fsevents "~2.3.1"

sass@^1.3.0:
  version "1.32.5"
  resolved "https://hebdigital.jfrog.io/hebdigital/api/npm/npm/sass/-/sass-1.32.5.tgz#2882d22ad5748c05fa9bff6c3b0ffbc4f4b9e1dc"
  integrity sha1-KILSKtV0jAX6m/9sOw/7xPS54dw=
  dependencies:
    chokidar ">=2.0.0 <4.0.0"

shebang-command@^2.0.0:
  version "2.0.0"
  resolved "https://hebdigital.jfrog.io/hebdigital/api/npm/npm/shebang-command/-/shebang-command-2.0.0.tgz#ccd0af4f8835fbdc265b82461aaf0c36663f34ea"
  integrity sha1-zNCvT4g1+9wmW4JGGq8MNmY/NOo=
  dependencies:
    shebang-regex "^3.0.0"

shebang-regex@^3.0.0:
  version "3.0.0"
  resolved "https://hebdigital.jfrog.io/hebdigital/api/npm/npm/shebang-regex/-/shebang-regex-3.0.0.tgz#ae16f1644d873ecad843b0307b143362d4c42172"
  integrity sha1-rhbxZE2HPsrYQ7AwexQzYtTEIXI=

signal-exit@^3.0.3:
  version "3.0.3"
  resolved "https://hebdigital.jfrog.io/hebdigital/api/npm/npm/signal-exit/-/signal-exit-3.0.3.tgz#a1410c2edd8f077b08b4e253c8eacfcaf057461c"
  integrity sha1-oUEMLt2PB3sItOJTyOrPyvBXRhw=

snowpack@3.0.11:
  version "3.0.11"
  resolved "https://hebdigital.jfrog.io/hebdigital/api/npm/npm/snowpack/-/snowpack-3.0.11.tgz#95f69f95367116e3a9bb5112d090d6328f2d3a28"
  integrity sha1-lfaflTZxFuOpu1ES0JDWMo8tOig=
  dependencies:
    esbuild "^0.8.7"
    open "^7.0.4"
    rollup "^2.34.0"
  optionalDependencies:
    fsevents "^2.2.0"

strip-final-newline@^2.0.0:
  version "2.0.0"
  resolved "https://hebdigital.jfrog.io/hebdigital/api/npm/npm/strip-final-newline/-/strip-final-newline-2.0.0.tgz#89b852fb2fcbe936f6f4b3187afb0a12c1ab58ad"
  integrity sha1-ibhS+y/L6Tb29LMYevsKEsGrWK0=

to-regex-range@^5.0.1:
  version "5.0.1"
  resolved "https://hebdigital.jfrog.io/hebdigital/api/npm/npm/to-regex-range/-/to-regex-range-5.0.1.tgz#1648c44aae7c8d988a326018ed72f5b4dd0392e4"
  integrity sha1-FkjESq58jZiKMmAY7XL1tN0DkuQ=
  dependencies:
    is-number "^7.0.0"

which@^2.0.1:
  version "2.0.2"
  resolved "https://hebdigital.jfrog.io/hebdigital/api/npm/npm/which/-/which-2.0.2.tgz#7c6a8dd0a636a0327e10b59c9286eee93f3f51b1"
  integrity sha1-fGqN0KY2oDJ+ELWckobu6T8/UbE=
  dependencies:
    isexe "^2.0.0"
